
Microsoft Visual Studio Solution File, Format Version 12.00
# Visual Studio Version 16
VisualStudioVersion = 16.0.30413.136
MinimumVisualStudioVersion = 10.0.40219.1
Project("{FAE04EC0-301F-11D3-BF4B-00C04F79EFBC}") = "Client", "Client\Client.csproj", "{BB18362C-95E2-4108-B48F-65C2BC537C4E}"
EndProject
Global
	GlobalSection(SolutionConfigurationPlatforms) = preSolution
		Debug|Any CPU = Debug|Any CPU
		Release|Any CPU = Release|Any CPU
	EndGlobalSection
	GlobalSection(ProjectConfigurationPlatforms) = postSolution
		{BB18362C-95E2-4108-B48F-65C2BC537C4E}.Debug|Any CPU.ActiveCfg = Debug|Any CPU
		{BB18362C-95E2-4108-B48F-65C2BC537C4E}.Debug|Any CPU.Build.0 = Debug|Any CPU
		{BB18362C-95E2-4108-B48F-65C2BC537C4E}.Release|Any CPU.ActiveCfg = Release|Any CPU
		{BB18362C-95E2-4108-B48F-65C2BC537C4E}.Release|Any CPU.Build.0 = Release|Any CPU
	EndGlobalSection
	GlobalSection(SolutionProperties) = preSolution
		HideSolutionNode = FALSE
	EndGlobalSection
	GlobalSection(ExtensibilityGlobals) = postSolution
		SolutionGuid = {A93FBE56-C9FB-4DD0-B148-A50B7A1A5708}
	EndGlobalSection
EndGlobal
